
Microsoft Visual Studio Solution File, Format Version 12.00
# Visual Studio Version 17
VisualStudioVersion = 17.14.36203.30
MinimumVisualStudioVersion = 10.0.40219.1
Project("{FAE04EC0-301F-11D3-BF4B-00C04F79EFBC}") = "QRGenerator", "QRGenerator\QRGenerator.csproj", "{AC6A8F6A-88B2-4FDE-BA77-370EF78CA8AB}"
EndProject
Project("{2150E333-8FDC-42A3-9474-1A3956D46DE8}") = "Элементы решения", "Элементы решения", "{754FC069-D67B-A9D7-50A1-8D1CA196D8F1}"
	ProjectSection(SolutionItems) = preProject
		QRGenerator\bin\Debug\net8.0-windows\QR-Code.png = QRGenerator\bin\Debug\net8.0-windows\QR-Code.png
		README.md = README.md
		QRGenerator\bin\Debug\net8.0-windows\try_Pattern0.png = QRGenerator\bin\Debug\net8.0-windows\try_Pattern0.png
		QRGenerator\bin\Debug\net8.0-windows\try_Pattern1.png = QRGenerator\bin\Debug\net8.0-windows\try_Pattern1.png
		QRGenerator\bin\Debug\net8.0-windows\try_Pattern2.png = QRGenerator\bin\Debug\net8.0-windows\try_Pattern2.png
		QRGenerator\bin\Debug\net8.0-windows\try_Pattern3.png = QRGenerator\bin\Debug\net8.0-windows\try_Pattern3.png
		QRGenerator\bin\Debug\net8.0-windows\try_Pattern4.png = QRGenerator\bin\Debug\net8.0-windows\try_Pattern4.png
		QRGenerator\bin\Debug\net8.0-windows\try_Pattern5.png = QRGenerator\bin\Debug\net8.0-windows\try_Pattern5.png
		QRGenerator\bin\Debug\net8.0-windows\try_Pattern6.png = QRGenerator\bin\Debug\net8.0-windows\try_Pattern6.png
		QRGenerator\bin\Debug\net8.0-windows\try_Pattern7.png = QRGenerator\bin\Debug\net8.0-windows\try_Pattern7.png
	EndProjectSection
EndProject
Project("{FAE04EC0-301F-11D3-BF4B-00C04F79EFBC}") = "QRCharacteristics", "QRCharacteristics\QRCharacteristics.csproj", "{6E9EC0CA-4A8D-4B44-B7A8-18E6FC16F74F}"
EndProject
Project("{FAE04EC0-301F-11D3-BF4B-00C04F79EFBC}") = "QRData", "QRData\QRData.csproj", "{1FA66024-6E40-4172-8150-CDF2FAD848DF}"
EndProject
Global
	GlobalSection(SolutionConfigurationPlatforms) = preSolution
		Debug|Any CPU = Debug|Any CPU
		Release|Any CPU = Release|Any CPU
	EndGlobalSection
	GlobalSection(ProjectConfigurationPlatforms) = postSolution
		{AC6A8F6A-88B2-4FDE-BA77-370EF78CA8AB}.Debug|Any CPU.ActiveCfg = Debug|Any CPU
		{AC6A8F6A-88B2-4FDE-BA77-370EF78CA8AB}.Debug|Any CPU.Build.0 = Debug|Any CPU
		{AC6A8F6A-88B2-4FDE-BA77-370EF78CA8AB}.Release|Any CPU.ActiveCfg = Release|Any CPU
		{AC6A8F6A-88B2-4FDE-BA77-370EF78CA8AB}.Release|Any CPU.Build.0 = Release|Any CPU
		{6E9EC0CA-4A8D-4B44-B7A8-18E6FC16F74F}.Debug|Any CPU.ActiveCfg = Debug|Any CPU
		{6E9EC0CA-4A8D-4B44-B7A8-18E6FC16F74F}.Debug|Any CPU.Build.0 = Debug|Any CPU
		{6E9EC0CA-4A8D-4B44-B7A8-18E6FC16F74F}.Release|Any CPU.ActiveCfg = Release|Any CPU
		{6E9EC0CA-4A8D-4B44-B7A8-18E6FC16F74F}.Release|Any CPU.Build.0 = Release|Any CPU
		{1FA66024-6E40-4172-8150-CDF2FAD848DF}.Debug|Any CPU.ActiveCfg = Debug|Any CPU
		{1FA66024-6E40-4172-8150-CDF2FAD848DF}.Debug|Any CPU.Build.0 = Debug|Any CPU
		{1FA66024-6E40-4172-8150-CDF2FAD848DF}.Release|Any CPU.ActiveCfg = Release|Any CPU
		{1FA66024-6E40-4172-8150-CDF2FAD848DF}.Release|Any CPU.Build.0 = Release|Any CPU
	EndGlobalSection
	GlobalSection(SolutionProperties) = preSolution
		HideSolutionNode = FALSE
	EndGlobalSection
	GlobalSection(ExtensibilityGlobals) = postSolution
		SolutionGuid = {FF21D75A-5924-4D22-98F1-AF2EE5584F99}
	EndGlobalSection
EndGlobal
